
Microsoft Visual Studio Solution File, Format Version 12.00
# Visual Studio Version 17
VisualStudioVersion = 17.4.33213.308
MinimumVisualStudioVersion = 10.0.40219.1
Project("{FAE04EC0-301F-11D3-BF4B-00C04F79EFBC}") = "modul5_1302210004", "modul5_1302210004\modul5_1302210004.csproj", "{0DFA568B-0D9A-4CB4-9475-D096CD6880A6}"
EndProject
Global
	GlobalSection(SolutionConfigurationPlatforms) = preSolution
		Debug|Any CPU = Debug|Any CPU
		Release|Any CPU = Release|Any CPU
	EndGlobalSection
	GlobalSection(ProjectConfigurationPlatforms) = postSolution
		{0DFA568B-0D9A-4CB4-9475-D096CD6880A6}.Debug|Any CPU.ActiveCfg = Debug|Any CPU
		{0DFA568B-0D9A-4CB4-9475-D096CD6880A6}.Debug|Any CPU.Build.0 = Debug|Any CPU
		{0DFA568B-0D9A-4CB4-9475-D096CD6880A6}.Release|Any CPU.ActiveCfg = Release|Any CPU
		{0DFA568B-0D9A-4CB4-9475-D096CD6880A6}.Release|Any CPU.Build.0 = Release|Any CPU
	EndGlobalSection
	GlobalSection(SolutionProperties) = preSolution
		HideSolutionNode = FALSE
	EndGlobalSection
	GlobalSection(ExtensibilityGlobals) = postSolution
		SolutionGuid = {4B6CBEB9-48D2-4273-A751-EAA7B5EA03FB}
	EndGlobalSection
EndGlobal
